
Microsoft Visual Studio Solution File, Format Version 12.00
# Visual Studio Version 16
VisualStudioVersion = 16.0.30413.136
MinimumVisualStudioVersion = 10.0.40219.1
Project("{9A19103F-16F7-4668-BE54-9A1E7A4F7556}") = "MyPayProject", "PayrollApplication\MyPayProject.csproj", "{52D311B2-2066-46F5-A98D-1D4824013579}"
EndProject
Project("{9A19103F-16F7-4668-BE54-9A1E7A4F7556}") = "MyPayNUnitTestProject_", "MyPayNUnitTestProject_\MyPayNUnitTestProject_.csproj", "{DAAF2BF0-83D9-4FD2-813E-1BA443584DD0}"
EndProject
Project("{9A19103F-16F7-4668-BE54-9A1E7A4F7556}") = "ReusableComponentsTest", "ReusableComponentsTest\ReusableComponentsTest.csproj", "{D643E283-A832-4B5F-8147-05EA8B5AF6B1}"
EndProject
Global
	GlobalSection(SolutionConfigurationPlatforms) = preSolution
		Debug|Any CPU = Debug|Any CPU
		Release|Any CPU = Release|Any CPU
	EndGlobalSection
	GlobalSection(ProjectConfigurationPlatforms) = postSolution
		{52D311B2-2066-46F5-A98D-1D4824013579}.Debug|Any CPU.ActiveCfg = Debug|Any CPU
		{52D311B2-2066-46F5-A98D-1D4824013579}.Debug|Any CPU.Build.0 = Debug|Any CPU
		{52D311B2-2066-46F5-A98D-1D4824013579}.Release|Any CPU.ActiveCfg = Release|Any CPU
		{52D311B2-2066-46F5-A98D-1D4824013579}.Release|Any CPU.Build.0 = Release|Any CPU
		{DAAF2BF0-83D9-4FD2-813E-1BA443584DD0}.Debug|Any CPU.ActiveCfg = Debug|Any CPU
		{DAAF2BF0-83D9-4FD2-813E-1BA443584DD0}.Debug|Any CPU.Build.0 = Debug|Any CPU
		{DAAF2BF0-83D9-4FD2-813E-1BA443584DD0}.Release|Any CPU.ActiveCfg = Release|Any CPU
		{DAAF2BF0-83D9-4FD2-813E-1BA443584DD0}.Release|Any CPU.Build.0 = Release|Any CPU
		{D643E283-A832-4B5F-8147-05EA8B5AF6B1}.Debug|Any CPU.ActiveCfg = Debug|Any CPU
		{D643E283-A832-4B5F-8147-05EA8B5AF6B1}.Debug|Any CPU.Build.0 = Debug|Any CPU
		{D643E283-A832-4B5F-8147-05EA8B5AF6B1}.Release|Any CPU.ActiveCfg = Release|Any CPU
		{D643E283-A832-4B5F-8147-05EA8B5AF6B1}.Release|Any CPU.Build.0 = Release|Any CPU
	EndGlobalSection
	GlobalSection(SolutionProperties) = preSolution
		HideSolutionNode = FALSE
	EndGlobalSection
	GlobalSection(ExtensibilityGlobals) = postSolution
		SolutionGuid = {3EAA03E2-91B0-47C6-BC24-A3D96E7909E3}
	EndGlobalSection
EndGlobal
